
Microsoft Visual Studio Solution File, Format Version 12.00
# Visual Studio Version 17
VisualStudioVersion = 17.0.31903.59
MinimumVisualStudioVersion = 10.0.40219.1
Project("{2150E333-8FDC-42A3-9474-1A3956D46DE8}") = "src", "src", "{819E07D0-2CCD-4C96-825E-55D08655389D}"
EndProject
Project("{2150E333-8FDC-42A3-9474-1A3956D46DE8}") = "Engine", "Engine", "{2F5BA71A-71D5-4394-83E5-2A7C6483F45F}"
EndProject
Project("{FAE04EC0-301F-11D3-BF4B-00C04F79EFBC}") = "PokeSharp.Assets", "src\Engine\PokeSharp.Assets\PokeSharp.Assets.csproj", "{1FBF3E0B-7158-45B2-AFA3-9D1FA96A6941}"
EndProject
Project("{FAE04EC0-301F-11D3-BF4B-00C04F79EFBC}") = "PokeSharp.Inputs", "src\Engine\PokeSharp.Inputs\PokeSharp.Inputs.csproj", "{69D35310-C6C1-4636-ADBE-D9CAFCE3AC4E}"
EndProject
Project("{2150E333-8FDC-42A3-9474-1A3956D46DE8}") = "Platforms", "Platforms", "{150D6314-1FCA-43C4-AA6C-711DE62C6872}"
EndProject
Project("{FAE04EC0-301F-11D3-BF4B-00C04F79EFBC}") = "PokeSharp.DesktopGL", "src\Platforms\PokeSharp.DesktopGL\PokeSharp.DesktopGL.csproj", "{2E4451BC-BE5A-4AA1-B903-6DF9EE44CC76}"
EndProject
Project("{FAE04EC0-301F-11D3-BF4B-00C04F79EFBC}") = "PokeSharp.Rendering", "src\Engine\PokeSharp.Rendering\PokeSharp.Rendering.csproj", "{05702FD4-2993-4ED7-8A3D-8062E03CA429}"
EndProject
Project("{2150E333-8FDC-42A3-9474-1A3956D46DE8}") = "Editor", "Editor", "{6DDD2CBE-3CFE-4549-96AC-308A982F8DBD}"
EndProject
Project("{FAE04EC0-301F-11D3-BF4B-00C04F79EFBC}") = "PokeSharp.Editor", "src\Editor\PokeSharp.Editor\PokeSharp.Editor.csproj", "{32821062-56EA-4BF6-AD07-F94F44346D19}"
EndProject
Project("{FAE04EC0-301F-11D3-BF4B-00C04F79EFBC}") = "PokeSharp.ROM", "src\Engine\PokeSharp.ROM\PokeSharp.ROM.csproj", "{9806DC6D-AB90-4DD6-B352-25B82DDEA2F7}"
EndProject
Project("{FAE04EC0-301F-11D3-BF4B-00C04F79EFBC}") = "PokeSharp.Scenes", "src\Engine\PokeSharp.Scenes\PokeSharp.Scenes.csproj", "{9E71C7C5-D083-4EAC-BEAD-D9C1B1AF03B4}"
EndProject
Project("{FAE04EC0-301F-11D3-BF4B-00C04F79EFBC}") = "PokeSharp.Entities", "src\Engine\PokeSharp.Entities\PokeSharp.Entities.csproj", "{4E29C376-7EEB-429C-BE70-433FE0A24D2B}"
EndProject
Project("{FAE04EC0-301F-11D3-BF4B-00C04F79EFBC}") = "PokeSharp.Editor.Domain", "src\Editor\PokeSharp.Editor.Domain\PokeSharp.Editor.Domain.csproj", "{C271D59F-457D-4E19-8ED1-EB585124C04F}"
EndProject
Project("{FAE04EC0-301F-11D3-BF4B-00C04F79EFBC}") = "PokeSharp.Editor.Host", "src\Editor\PokeSharp.Editor.Host\PokeSharp.Editor.Host.csproj", "{79EAAE05-862F-4F4E-AE77-61E8EB099920}"
EndProject
Project("{FAE04EC0-301F-11D3-BF4B-00C04F79EFBC}") = "PokeSharp.Editor.Presentation", "src\Editor\PokeSharp.Editor.Presentation\PokeSharp.Editor.Presentation.csproj", "{45782E95-1D15-45EF-B543-5A43B237774A}"
EndProject
Project("{FAE04EC0-301F-11D3-BF4B-00C04F79EFBC}") = "PokeSharp.Editor.Presentation.ImGui", "src\Editor\PokeSharp.Editor.Presentation.ImGui\PokeSharp.Editor.Presentation.ImGui.csproj", "{DB7CB3FF-4C00-4046-A6BD-666A72FF779F}"
EndProject
Project("{FAE04EC0-301F-11D3-BF4B-00C04F79EFBC}") = "PokeSharp.Editor.Application", "src\Editor\PokeSharp.Editor.Application\PokeSharp.Editor.Application.csproj", "{C7B813CE-DA68-4C3F-AD65-9A080B4FEE2E}"
EndProject
Project("{FAE04EC0-301F-11D3-BF4B-00C04F79EFBC}") = "PokeSharp.Editor.Infrastructure", "src\Editor\PokeSharp.Editor.Infrastructure\PokeSharp.Editor.Infrastructure.csproj", "{2D644DE5-0522-486F-BC10-73D863F041D1}"
EndProject
Project("{2150E333-8FDC-42A3-9474-1A3956D46DE8}") = "Core", "Core", "{EF955757-1305-4963-8CFD-EB859311716E}"
EndProject
Project("{FAE04EC0-301F-11D3-BF4B-00C04F79EFBC}") = "PokeSharp.Core", "src\Core\PokeSharp.Core\PokeSharp.Core.csproj", "{F0E1A15E-BF30-4AC0-99CD-20884D59E5FB}"
EndProject
Project("{FAE04EC0-301F-11D3-BF4B-00C04F79EFBC}") = "PokeSharp.Engine.Core", "src\Engine\PokeSharp.Engine.Core\PokeSharp.Engine.Core.csproj", "{B56CC43A-41FD-4893-B2FF-04CC402A7F44}"
EndProject
Global
	GlobalSection(SolutionConfigurationPlatforms) = preSolution
		Debug|Any CPU = Debug|Any CPU
		Release|Any CPU = Release|Any CPU
	EndGlobalSection
	GlobalSection(SolutionProperties) = preSolution
		HideSolutionNode = FALSE
	EndGlobalSection
	GlobalSection(ProjectConfigurationPlatforms) = postSolution
		{1FBF3E0B-7158-45B2-AFA3-9D1FA96A6941}.Debug|Any CPU.ActiveCfg = Debug|Any CPU
		{1FBF3E0B-7158-45B2-AFA3-9D1FA96A6941}.Debug|Any CPU.Build.0 = Debug|Any CPU
		{1FBF3E0B-7158-45B2-AFA3-9D1FA96A6941}.Release|Any CPU.ActiveCfg = Release|Any CPU
		{1FBF3E0B-7158-45B2-AFA3-9D1FA96A6941}.Release|Any CPU.Build.0 = Release|Any CPU
		{69D35310-C6C1-4636-ADBE-D9CAFCE3AC4E}.Debug|Any CPU.ActiveCfg = Debug|Any CPU
		{69D35310-C6C1-4636-ADBE-D9CAFCE3AC4E}.Debug|Any CPU.Build.0 = Debug|Any CPU
		{69D35310-C6C1-4636-ADBE-D9CAFCE3AC4E}.Release|Any CPU.ActiveCfg = Release|Any CPU
		{69D35310-C6C1-4636-ADBE-D9CAFCE3AC4E}.Release|Any CPU.Build.0 = Release|Any CPU
		{2E4451BC-BE5A-4AA1-B903-6DF9EE44CC76}.Debug|Any CPU.ActiveCfg = Debug|Any CPU
		{2E4451BC-BE5A-4AA1-B903-6DF9EE44CC76}.Debug|Any CPU.Build.0 = Debug|Any CPU
		{2E4451BC-BE5A-4AA1-B903-6DF9EE44CC76}.Release|Any CPU.ActiveCfg = Release|Any CPU
		{2E4451BC-BE5A-4AA1-B903-6DF9EE44CC76}.Release|Any CPU.Build.0 = Release|Any CPU
		{05702FD4-2993-4ED7-8A3D-8062E03CA429}.Debug|Any CPU.ActiveCfg = Debug|Any CPU
		{05702FD4-2993-4ED7-8A3D-8062E03CA429}.Debug|Any CPU.Build.0 = Debug|Any CPU
		{05702FD4-2993-4ED7-8A3D-8062E03CA429}.Release|Any CPU.ActiveCfg = Release|Any CPU
		{05702FD4-2993-4ED7-8A3D-8062E03CA429}.Release|Any CPU.Build.0 = Release|Any CPU
		{32821062-56EA-4BF6-AD07-F94F44346D19}.Debug|Any CPU.ActiveCfg = Debug|Any CPU
		{32821062-56EA-4BF6-AD07-F94F44346D19}.Debug|Any CPU.Build.0 = Debug|Any CPU
		{32821062-56EA-4BF6-AD07-F94F44346D19}.Release|Any CPU.ActiveCfg = Release|Any CPU
		{32821062-56EA-4BF6-AD07-F94F44346D19}.Release|Any CPU.Build.0 = Release|Any CPU
		{9806DC6D-AB90-4DD6-B352-25B82DDEA2F7}.Debug|Any CPU.ActiveCfg = Debug|Any CPU
		{9806DC6D-AB90-4DD6-B352-25B82DDEA2F7}.Debug|Any CPU.Build.0 = Debug|Any CPU
		{9806DC6D-AB90-4DD6-B352-25B82DDEA2F7}.Release|Any CPU.ActiveCfg = Release|Any CPU
		{9806DC6D-AB90-4DD6-B352-25B82DDEA2F7}.Release|Any CPU.Build.0 = Release|Any CPU
		{9E71C7C5-D083-4EAC-BEAD-D9C1B1AF03B4}.Debug|Any CPU.ActiveCfg = Debug|Any CPU
		{9E71C7C5-D083-4EAC-BEAD-D9C1B1AF03B4}.Debug|Any CPU.Build.0 = Debug|Any CPU
		{9E71C7C5-D083-4EAC-BEAD-D9C1B1AF03B4}.Release|Any CPU.ActiveCfg = Release|Any CPU
		{9E71C7C5-D083-4EAC-BEAD-D9C1B1AF03B4}.Release|Any CPU.Build.0 = Release|Any CPU
		{4E29C376-7EEB-429C-BE70-433FE0A24D2B}.Debug|Any CPU.ActiveCfg = Debug|Any CPU
		{4E29C376-7EEB-429C-BE70-433FE0A24D2B}.Debug|Any CPU.Build.0 = Debug|Any CPU
		{4E29C376-7EEB-429C-BE70-433FE0A24D2B}.Release|Any CPU.ActiveCfg = Release|Any CPU
		{4E29C376-7EEB-429C-BE70-433FE0A24D2B}.Release|Any CPU.Build.0 = Release|Any CPU
		{C271D59F-457D-4E19-8ED1-EB585124C04F}.Debug|Any CPU.ActiveCfg = Debug|Any CPU
		{C271D59F-457D-4E19-8ED1-EB585124C04F}.Debug|Any CPU.Build.0 = Debug|Any CPU
		{C271D59F-457D-4E19-8ED1-EB585124C04F}.Release|Any CPU.ActiveCfg = Release|Any CPU
		{C271D59F-457D-4E19-8ED1-EB585124C04F}.Release|Any CPU.Build.0 = Release|Any CPU
		{79EAAE05-862F-4F4E-AE77-61E8EB099920}.Debug|Any CPU.ActiveCfg = Debug|Any CPU
		{79EAAE05-862F-4F4E-AE77-61E8EB099920}.Debug|Any CPU.Build.0 = Debug|Any CPU
		{79EAAE05-862F-4F4E-AE77-61E8EB099920}.Release|Any CPU.ActiveCfg = Release|Any CPU
		{79EAAE05-862F-4F4E-AE77-61E8EB099920}.Release|Any CPU.Build.0 = Release|Any CPU
		{45782E95-1D15-45EF-B543-5A43B237774A}.Debug|Any CPU.ActiveCfg = Debug|Any CPU
		{45782E95-1D15-45EF-B543-5A43B237774A}.Debug|Any CPU.Build.0 = Debug|Any CPU
		{45782E95-1D15-45EF-B543-5A43B237774A}.Release|Any CPU.ActiveCfg = Release|Any CPU
		{45782E95-1D15-45EF-B543-5A43B237774A}.Release|Any CPU.Build.0 = Release|Any CPU
		{DB7CB3FF-4C00-4046-A6BD-666A72FF779F}.Debug|Any CPU.ActiveCfg = Debug|Any CPU
		{DB7CB3FF-4C00-4046-A6BD-666A72FF779F}.Debug|Any CPU.Build.0 = Debug|Any CPU
		{DB7CB3FF-4C00-4046-A6BD-666A72FF779F}.Release|Any CPU.ActiveCfg = Release|Any CPU
		{DB7CB3FF-4C00-4046-A6BD-666A72FF779F}.Release|Any CPU.Build.0 = Release|Any CPU
		{C7B813CE-DA68-4C3F-AD65-9A080B4FEE2E}.Debug|Any CPU.ActiveCfg = Debug|Any CPU
		{C7B813CE-DA68-4C3F-AD65-9A080B4FEE2E}.Debug|Any CPU.Build.0 = Debug|Any CPU
		{C7B813CE-DA68-4C3F-AD65-9A080B4FEE2E}.Release|Any CPU.ActiveCfg = Release|Any CPU
		{C7B813CE-DA68-4C3F-AD65-9A080B4FEE2E}.Release|Any CPU.Build.0 = Release|Any CPU
		{2D644DE5-0522-486F-BC10-73D863F041D1}.Debug|Any CPU.ActiveCfg = Debug|Any CPU
		{2D644DE5-0522-486F-BC10-73D863F041D1}.Debug|Any CPU.Build.0 = Debug|Any CPU
		{2D644DE5-0522-486F-BC10-73D863F041D1}.Release|Any CPU.ActiveCfg = Release|Any CPU
		{2D644DE5-0522-486F-BC10-73D863F041D1}.Release|Any CPU.Build.0 = Release|Any CPU
		{F0E1A15E-BF30-4AC0-99CD-20884D59E5FB}.Debug|Any CPU.ActiveCfg = Debug|Any CPU
		{F0E1A15E-BF30-4AC0-99CD-20884D59E5FB}.Debug|Any CPU.Build.0 = Debug|Any CPU
		{F0E1A15E-BF30-4AC0-99CD-20884D59E5FB}.Release|Any CPU.ActiveCfg = Release|Any CPU
		{F0E1A15E-BF30-4AC0-99CD-20884D59E5FB}.Release|Any CPU.Build.0 = Release|Any CPU
		{B56CC43A-41FD-4893-B2FF-04CC402A7F44}.Debug|Any CPU.ActiveCfg = Debug|Any CPU
		{B56CC43A-41FD-4893-B2FF-04CC402A7F44}.Debug|Any CPU.Build.0 = Debug|Any CPU
		{B56CC43A-41FD-4893-B2FF-04CC402A7F44}.Release|Any CPU.ActiveCfg = Release|Any CPU
		{B56CC43A-41FD-4893-B2FF-04CC402A7F44}.Release|Any CPU.Build.0 = Release|Any CPU
	EndGlobalSection
	GlobalSection(NestedProjects) = preSolution
		{2F5BA71A-71D5-4394-83E5-2A7C6483F45F} = {819E07D0-2CCD-4C96-825E-55D08655389D}
		{1FBF3E0B-7158-45B2-AFA3-9D1FA96A6941} = {2F5BA71A-71D5-4394-83E5-2A7C6483F45F}
		{69D35310-C6C1-4636-ADBE-D9CAFCE3AC4E} = {2F5BA71A-71D5-4394-83E5-2A7C6483F45F}
		{150D6314-1FCA-43C4-AA6C-711DE62C6872} = {819E07D0-2CCD-4C96-825E-55D08655389D}
		{2E4451BC-BE5A-4AA1-B903-6DF9EE44CC76} = {150D6314-1FCA-43C4-AA6C-711DE62C6872}
		{05702FD4-2993-4ED7-8A3D-8062E03CA429} = {2F5BA71A-71D5-4394-83E5-2A7C6483F45F}
		{6DDD2CBE-3CFE-4549-96AC-308A982F8DBD} = {819E07D0-2CCD-4C96-825E-55D08655389D}
		{32821062-56EA-4BF6-AD07-F94F44346D19} = {6DDD2CBE-3CFE-4549-96AC-308A982F8DBD}
		{9806DC6D-AB90-4DD6-B352-25B82DDEA2F7} = {2F5BA71A-71D5-4394-83E5-2A7C6483F45F}
		{9E71C7C5-D083-4EAC-BEAD-D9C1B1AF03B4} = {2F5BA71A-71D5-4394-83E5-2A7C6483F45F}
		{4E29C376-7EEB-429C-BE70-433FE0A24D2B} = {2F5BA71A-71D5-4394-83E5-2A7C6483F45F}
		{C271D59F-457D-4E19-8ED1-EB585124C04F} = {6DDD2CBE-3CFE-4549-96AC-308A982F8DBD}
		{79EAAE05-862F-4F4E-AE77-61E8EB099920} = {6DDD2CBE-3CFE-4549-96AC-308A982F8DBD}
		{45782E95-1D15-45EF-B543-5A43B237774A} = {6DDD2CBE-3CFE-4549-96AC-308A982F8DBD}
		{DB7CB3FF-4C00-4046-A6BD-666A72FF779F} = {6DDD2CBE-3CFE-4549-96AC-308A982F8DBD}
		{C7B813CE-DA68-4C3F-AD65-9A080B4FEE2E} = {6DDD2CBE-3CFE-4549-96AC-308A982F8DBD}
		{2D644DE5-0522-486F-BC10-73D863F041D1} = {6DDD2CBE-3CFE-4549-96AC-308A982F8DBD}
		{EF955757-1305-4963-8CFD-EB859311716E} = {819E07D0-2CCD-4C96-825E-55D08655389D}
		{F0E1A15E-BF30-4AC0-99CD-20884D59E5FB} = {EF955757-1305-4963-8CFD-EB859311716E}
		{B56CC43A-41FD-4893-B2FF-04CC402A7F44} = {2F5BA71A-71D5-4394-83E5-2A7C6483F45F}
	EndGlobalSection
EndGlobal
