
Microsoft Visual Studio Solution File, Format Version 12.00
# Visual Studio Version 17
VisualStudioVersion = 17.0.31903.59
MinimumVisualStudioVersion = 10.0.40219.1
Project("{2150E333-8FDC-42A3-9474-1A3956D46DE8}") = "src", "src", "{819E07D0-2CCD-4C96-825E-55D08655389D}"
EndProject
Project("{2150E333-8FDC-42A3-9474-1A3956D46DE8}") = "Engine", "Engine", "{2F5BA71A-71D5-4394-83E5-2A7C6483F45F}"
EndProject
Project("{FAE04EC0-301F-11D3-BF4B-00C04F79EFBC}") = "PokeSharp.Assets", "src\Engine\PokeSharp.Assets\PokeSharp.Assets.csproj", "{1FBF3E0B-7158-45B2-AFA3-9D1FA96A6941}"
EndProject
Project("{FAE04EC0-301F-11D3-BF4B-00C04F79EFBC}") = "PokeSharp.Core", "src\Engine\PokeSharp.Core\PokeSharp.Core.csproj", "{697CBA5D-DFCE-4F2B-8B92-ED5F739AE323}"
EndProject
Project("{FAE04EC0-301F-11D3-BF4B-00C04F79EFBC}") = "PokeSharp.Inputs", "src\Engine\PokeSharp.Inputs\PokeSharp.Inputs.csproj", "{69D35310-C6C1-4636-ADBE-D9CAFCE3AC4E}"
EndProject
Project("{2150E333-8FDC-42A3-9474-1A3956D46DE8}") = "Platforms", "Platforms", "{150D6314-1FCA-43C4-AA6C-711DE62C6872}"
EndProject
Project("{FAE04EC0-301F-11D3-BF4B-00C04F79EFBC}") = "PokeSharp.DesktopGL", "src\Platforms\PokeSharp.DesktopGL\PokeSharp.DesktopGL.csproj", "{2E4451BC-BE5A-4AA1-B903-6DF9EE44CC76}"
EndProject
Project("{FAE04EC0-301F-11D3-BF4B-00C04F79EFBC}") = "PokeSharp.Rendering", "src\Engine\PokeSharp.Rendering\PokeSharp.Rendering.csproj", "{05702FD4-2993-4ED7-8A3D-8062E03CA429}"
EndProject
Project("{2150E333-8FDC-42A3-9474-1A3956D46DE8}") = "Editor", "Editor", "{6DDD2CBE-3CFE-4549-96AC-308A982F8DBD}"
EndProject
Project("{FAE04EC0-301F-11D3-BF4B-00C04F79EFBC}") = "PokeSharp.Editor", "src\Editor\PokeSharp.Editor\PokeSharp.Editor.csproj", "{32821062-56EA-4BF6-AD07-F94F44346D19}"
EndProject
Project("{FAE04EC0-301F-11D3-BF4B-00C04F79EFBC}") = "PokeSharp.Editor.UI", "src\Editor\PokeSharp.Editor.UI\PokeSharp.Editor.UI.csproj", "{C0A78180-DF04-4B49-ADD1-A17214902286}"
EndProject
Global
	GlobalSection(SolutionConfigurationPlatforms) = preSolution
		Debug|Any CPU = Debug|Any CPU
		Release|Any CPU = Release|Any CPU
	EndGlobalSection
	GlobalSection(SolutionProperties) = preSolution
		HideSolutionNode = FALSE
	EndGlobalSection
	GlobalSection(ProjectConfigurationPlatforms) = postSolution
		{1FBF3E0B-7158-45B2-AFA3-9D1FA96A6941}.Debug|Any CPU.ActiveCfg = Debug|Any CPU
		{1FBF3E0B-7158-45B2-AFA3-9D1FA96A6941}.Debug|Any CPU.Build.0 = Debug|Any CPU
		{1FBF3E0B-7158-45B2-AFA3-9D1FA96A6941}.Release|Any CPU.ActiveCfg = Release|Any CPU
		{1FBF3E0B-7158-45B2-AFA3-9D1FA96A6941}.Release|Any CPU.Build.0 = Release|Any CPU
		{697CBA5D-DFCE-4F2B-8B92-ED5F739AE323}.Debug|Any CPU.ActiveCfg = Debug|Any CPU
		{697CBA5D-DFCE-4F2B-8B92-ED5F739AE323}.Debug|Any CPU.Build.0 = Debug|Any CPU
		{697CBA5D-DFCE-4F2B-8B92-ED5F739AE323}.Release|Any CPU.ActiveCfg = Release|Any CPU
		{697CBA5D-DFCE-4F2B-8B92-ED5F739AE323}.Release|Any CPU.Build.0 = Release|Any CPU
		{69D35310-C6C1-4636-ADBE-D9CAFCE3AC4E}.Debug|Any CPU.ActiveCfg = Debug|Any CPU
		{69D35310-C6C1-4636-ADBE-D9CAFCE3AC4E}.Debug|Any CPU.Build.0 = Debug|Any CPU
		{69D35310-C6C1-4636-ADBE-D9CAFCE3AC4E}.Release|Any CPU.ActiveCfg = Release|Any CPU
		{69D35310-C6C1-4636-ADBE-D9CAFCE3AC4E}.Release|Any CPU.Build.0 = Release|Any CPU
		{2E4451BC-BE5A-4AA1-B903-6DF9EE44CC76}.Debug|Any CPU.ActiveCfg = Debug|Any CPU
		{2E4451BC-BE5A-4AA1-B903-6DF9EE44CC76}.Debug|Any CPU.Build.0 = Debug|Any CPU
		{2E4451BC-BE5A-4AA1-B903-6DF9EE44CC76}.Release|Any CPU.ActiveCfg = Release|Any CPU
		{2E4451BC-BE5A-4AA1-B903-6DF9EE44CC76}.Release|Any CPU.Build.0 = Release|Any CPU
		{05702FD4-2993-4ED7-8A3D-8062E03CA429}.Debug|Any CPU.ActiveCfg = Debug|Any CPU
		{05702FD4-2993-4ED7-8A3D-8062E03CA429}.Debug|Any CPU.Build.0 = Debug|Any CPU
		{05702FD4-2993-4ED7-8A3D-8062E03CA429}.Release|Any CPU.ActiveCfg = Release|Any CPU
		{05702FD4-2993-4ED7-8A3D-8062E03CA429}.Release|Any CPU.Build.0 = Release|Any CPU
		{32821062-56EA-4BF6-AD07-F94F44346D19}.Debug|Any CPU.ActiveCfg = Debug|Any CPU
		{32821062-56EA-4BF6-AD07-F94F44346D19}.Debug|Any CPU.Build.0 = Debug|Any CPU
		{32821062-56EA-4BF6-AD07-F94F44346D19}.Release|Any CPU.ActiveCfg = Release|Any CPU
		{32821062-56EA-4BF6-AD07-F94F44346D19}.Release|Any CPU.Build.0 = Release|Any CPU
		{C0A78180-DF04-4B49-ADD1-A17214902286}.Debug|Any CPU.ActiveCfg = Debug|Any CPU
		{C0A78180-DF04-4B49-ADD1-A17214902286}.Debug|Any CPU.Build.0 = Debug|Any CPU
		{C0A78180-DF04-4B49-ADD1-A17214902286}.Release|Any CPU.ActiveCfg = Release|Any CPU
		{C0A78180-DF04-4B49-ADD1-A17214902286}.Release|Any CPU.Build.0 = Release|Any CPU
	EndGlobalSection
	GlobalSection(NestedProjects) = preSolution
		{2F5BA71A-71D5-4394-83E5-2A7C6483F45F} = {819E07D0-2CCD-4C96-825E-55D08655389D}
		{1FBF3E0B-7158-45B2-AFA3-9D1FA96A6941} = {2F5BA71A-71D5-4394-83E5-2A7C6483F45F}
		{697CBA5D-DFCE-4F2B-8B92-ED5F739AE323} = {2F5BA71A-71D5-4394-83E5-2A7C6483F45F}
		{69D35310-C6C1-4636-ADBE-D9CAFCE3AC4E} = {2F5BA71A-71D5-4394-83E5-2A7C6483F45F}
		{150D6314-1FCA-43C4-AA6C-711DE62C6872} = {819E07D0-2CCD-4C96-825E-55D08655389D}
		{2E4451BC-BE5A-4AA1-B903-6DF9EE44CC76} = {150D6314-1FCA-43C4-AA6C-711DE62C6872}
		{05702FD4-2993-4ED7-8A3D-8062E03CA429} = {2F5BA71A-71D5-4394-83E5-2A7C6483F45F}
		{6DDD2CBE-3CFE-4549-96AC-308A982F8DBD} = {819E07D0-2CCD-4C96-825E-55D08655389D}
		{32821062-56EA-4BF6-AD07-F94F44346D19} = {6DDD2CBE-3CFE-4549-96AC-308A982F8DBD}
		{C0A78180-DF04-4B49-ADD1-A17214902286} = {6DDD2CBE-3CFE-4549-96AC-308A982F8DBD}
	EndGlobalSection
EndGlobal
