
Microsoft Visual Studio Solution File, Format Version 12.00
# Visual Studio Version 17
VisualStudioVersion = 17.0.31903.59
MinimumVisualStudioVersion = 10.0.40219.1
Project("{2150E333-8FDC-42A3-9474-1A3956D46DE8}") = "src", "src", "{2BC9A1A1-BCE0-410D-A1D1-059F7052485E}"
EndProject
Project("{FAE04EC0-301F-11D3-BF4B-00C04F79EFBC}") = "Pokemon.DesktopGL", "src\Pokemon.DesktopGL\Pokemon.DesktopGL.csproj", "{E369658D-9728-4AD1-A88E-2A69DB396464}"
EndProject
Project("{FAE04EC0-301F-11D3-BF4B-00C04F79EFBC}") = "PokeSharp.ROM", "src\PokeSharp.ROM\PokeSharp.ROM.csproj", "{0304A32D-08DA-40F4-AAE5-72DF59E8EE6D}"
EndProject
Project("{FAE04EC0-301F-11D3-BF4B-00C04F79EFBC}") = "PokeSharp.Assets", "src\PokeSharp.Assets\PokeSharp.Assets.csproj", "{2625C2D7-F6D8-495D-ADB1-0BF6CD0751BA}"
EndProject
Project("{FAE04EC0-301F-11D3-BF4B-00C04F79EFBC}") = "PokeSharp.Engine", "src\PokeSharp.Engine\PokeSharp.Engine.csproj", "{B45933ED-CC77-4D22-BB18-454246C0B58D}"
EndProject
Global
	GlobalSection(SolutionConfigurationPlatforms) = preSolution
		Debug|Any CPU = Debug|Any CPU
		Release|Any CPU = Release|Any CPU
	EndGlobalSection
	GlobalSection(SolutionProperties) = preSolution
		HideSolutionNode = FALSE
	EndGlobalSection
	GlobalSection(ProjectConfigurationPlatforms) = postSolution
		{E369658D-9728-4AD1-A88E-2A69DB396464}.Debug|Any CPU.ActiveCfg = Debug|Any CPU
		{E369658D-9728-4AD1-A88E-2A69DB396464}.Debug|Any CPU.Build.0 = Debug|Any CPU
		{E369658D-9728-4AD1-A88E-2A69DB396464}.Release|Any CPU.ActiveCfg = Release|Any CPU
		{E369658D-9728-4AD1-A88E-2A69DB396464}.Release|Any CPU.Build.0 = Release|Any CPU
		{0304A32D-08DA-40F4-AAE5-72DF59E8EE6D}.Debug|Any CPU.ActiveCfg = Debug|Any CPU
		{0304A32D-08DA-40F4-AAE5-72DF59E8EE6D}.Debug|Any CPU.Build.0 = Debug|Any CPU
		{0304A32D-08DA-40F4-AAE5-72DF59E8EE6D}.Release|Any CPU.ActiveCfg = Release|Any CPU
		{0304A32D-08DA-40F4-AAE5-72DF59E8EE6D}.Release|Any CPU.Build.0 = Release|Any CPU
		{2625C2D7-F6D8-495D-ADB1-0BF6CD0751BA}.Debug|Any CPU.ActiveCfg = Debug|Any CPU
		{2625C2D7-F6D8-495D-ADB1-0BF6CD0751BA}.Debug|Any CPU.Build.0 = Debug|Any CPU
		{2625C2D7-F6D8-495D-ADB1-0BF6CD0751BA}.Release|Any CPU.ActiveCfg = Release|Any CPU
		{2625C2D7-F6D8-495D-ADB1-0BF6CD0751BA}.Release|Any CPU.Build.0 = Release|Any CPU
		{B45933ED-CC77-4D22-BB18-454246C0B58D}.Debug|Any CPU.ActiveCfg = Debug|Any CPU
		{B45933ED-CC77-4D22-BB18-454246C0B58D}.Debug|Any CPU.Build.0 = Debug|Any CPU
		{B45933ED-CC77-4D22-BB18-454246C0B58D}.Release|Any CPU.ActiveCfg = Release|Any CPU
		{B45933ED-CC77-4D22-BB18-454246C0B58D}.Release|Any CPU.Build.0 = Release|Any CPU
	EndGlobalSection
	GlobalSection(NestedProjects) = preSolution
		{E369658D-9728-4AD1-A88E-2A69DB396464} = {2BC9A1A1-BCE0-410D-A1D1-059F7052485E}
		{0304A32D-08DA-40F4-AAE5-72DF59E8EE6D} = {2BC9A1A1-BCE0-410D-A1D1-059F7052485E}
		{2625C2D7-F6D8-495D-ADB1-0BF6CD0751BA} = {2BC9A1A1-BCE0-410D-A1D1-059F7052485E}
		{B45933ED-CC77-4D22-BB18-454246C0B58D} = {2BC9A1A1-BCE0-410D-A1D1-059F7052485E}
	EndGlobalSection
EndGlobal
