
Microsoft Visual Studio Solution File, Format Version 12.00
# Visual Studio Version 17
VisualStudioVersion = 17.0.31903.59
MinimumVisualStudioVersion = 10.0.40219.1
Project("{2150E333-8FDC-42A3-9474-1A3956D46DE8}") = "src", "src", "{819E07D0-2CCD-4C96-825E-55D08655389D}"
EndProject
Project("{2150E333-8FDC-42A3-9474-1A3956D46DE8}") = "Engine", "Engine", "{AC51C024-43A6-4D2C-B1CA-B5F072074142}"
EndProject
Project("{FAE04EC0-301F-11D3-BF4B-00C04F79EFBC}") = "PokeEngine", "src\Engine\PokeEngine\PokeEngine.csproj", "{2703E5B4-CE0C-4585-8DA0-EF510C8100C9}"
EndProject
Project("{FAE04EC0-301F-11D3-BF4B-00C04F79EFBC}") = "PokeEngine.Assets", "src\Engine\PokeEngine.Assets\PokeEngine.Assets.csproj", "{A140006C-DD36-422C-9512-30203FB5ED31}"
EndProject
Project("{FAE04EC0-301F-11D3-BF4B-00C04F79EFBC}") = "PokeEngine.Core", "src\Engine\PokeEngine.Core\PokeEngine.Core.csproj", "{1944DAA2-2026-4680-A23E-D8C3E600563E}"
EndProject
Project("{FAE04EC0-301F-11D3-BF4B-00C04F79EFBC}") = "PokeEngine.Inputs", "src\Engine\PokeEngine.Inputs\PokeEngine.Inputs.csproj", "{66833E60-3460-4B8F-9900-FFA7138368CC}"
EndProject
Project("{FAE04EC0-301F-11D3-BF4B-00C04F79EFBC}") = "PokeEngine.Rendering", "src\Engine\PokeEngine.Rendering\PokeEngine.Rendering.csproj", "{14B3203E-87F2-4FFC-A7F1-C34D82F386C1}"
EndProject
Project("{FAE04EC0-301F-11D3-BF4B-00C04F79EFBC}") = "PokeEngine.ROM", "src\Engine\PokeEngine.ROM\PokeEngine.ROM.csproj", "{FDFE6E95-02A8-430D-B841-58A5C27F58D2}"
EndProject
Project("{FAE04EC0-301F-11D3-BF4B-00C04F79EFBC}") = "PokeEngine.Entities", "src\Engine\PokeEngine.Entities\PokeEngine.Entities.csproj", "{1C4E4122-0AB3-49CF-806E-969DBF6ADDB2}"
EndProject
Project("{FAE04EC0-301F-11D3-BF4B-00C04F79EFBC}") = "PokeEngine.Scenes", "src\Engine\PokeEngine.Scenes\PokeEngine.Scenes.csproj", "{4D579A15-83D7-4CF8-99DA-1CBD60D6570E}"
EndProject
Project("{2150E333-8FDC-42A3-9474-1A3956D46DE8}") = "Core", "Core", "{ABB72875-76AA-4306-843C-05C15D9274FE}"
EndProject
Project("{FAE04EC0-301F-11D3-BF4B-00C04F79EFBC}") = "PokeCore.Hosting", "src\Core\PokeCore.Hosting\PokeCore.Hosting.csproj", "{91B51775-F4B5-4CEF-9A12-C701E5E9BBC5}"
EndProject
Project("{2150E333-8FDC-42A3-9474-1A3956D46DE8}") = "Editor", "Editor", "{12D9160D-F250-4693-A74C-0C3FF2C820E6}"
EndProject
Project("{FAE04EC0-301F-11D3-BF4B-00C04F79EFBC}") = "PokeLab", "src\Editor\PokeLab\PokeLab.csproj", "{283E656A-9F7D-4B0B-B608-401A64683033}"
EndProject
Project("{FAE04EC0-301F-11D3-BF4B-00C04F79EFBC}") = "PokeLab.Application", "src\Editor\PokeLab.Application\PokeLab.Application.csproj", "{245192FC-44E3-4DD4-88C3-FEA3783095A9}"
EndProject
Project("{FAE04EC0-301F-11D3-BF4B-00C04F79EFBC}") = "PokeLab.Domain", "src\Editor\PokeLab.Domain\PokeLab.Domain.csproj", "{CA046868-70FE-4C22-9C39-3EC803342ED4}"
EndProject
Project("{FAE04EC0-301F-11D3-BF4B-00C04F79EFBC}") = "PokeLab.Host", "src\Editor\PokeLab.Host\PokeLab.Host.csproj", "{E0492ADF-AAEC-4FC6-98D0-E7246EEB42A8}"
EndProject
Project("{FAE04EC0-301F-11D3-BF4B-00C04F79EFBC}") = "PokeLab.Infrastructure", "src\Editor\PokeLab.Infrastructure\PokeLab.Infrastructure.csproj", "{EAB3E323-4051-457B-A104-41EC022B3AF4}"
EndProject
Project("{FAE04EC0-301F-11D3-BF4B-00C04F79EFBC}") = "PokeLab.Presentation", "src\Editor\PokeLab.Presentation\PokeLab.Presentation.csproj", "{C13BE1F8-9078-4FC8-BA8E-13BDEE0F04A2}"
EndProject
Project("{FAE04EC0-301F-11D3-BF4B-00C04F79EFBC}") = "PokeLab.Presentation.ImGui", "src\Editor\PokeLab.Presentation.ImGui\PokeLab.Presentation.ImGui.csproj", "{A3F1CCDD-6BEF-4059-903F-59070109356F}"
EndProject
Project("{2150E333-8FDC-42A3-9474-1A3956D46DE8}") = "Runtime", "Runtime", "{7C517FEF-F95D-45BB-8E30-B44799841FEA}"
EndProject
Project("{FAE04EC0-301F-11D3-BF4B-00C04F79EFBC}") = "PokeRuntime.Desktop", "src\Runtime\PokeRuntime.Desktop\PokeRuntime.Desktop.csproj", "{45855C66-9CFC-4A23-9916-510FA52E8E3E}"
EndProject
Project("{FAE04EC0-301F-11D3-BF4B-00C04F79EFBC}") = "PokeCore.DependencyInjection.Abstractions", "src\Core\PokeCore.DependencyInjection.Abstractions\PokeCore.DependencyInjection.Abstractions.csproj", "{895C2B06-B16F-4906-8F07-8D0853C351F1}"
EndProject
Project("{FAE04EC0-301F-11D3-BF4B-00C04F79EFBC}") = "PokeCore.DependencyInjection.Ninject", "src\Core\PokeCore.DependencyInjection.Ninject\PokeCore.DependencyInjection.Ninject.csproj", "{CEB2B6B0-B66D-4055-BD9F-B537818C11E6}"
EndProject
Project("{FAE04EC0-301F-11D3-BF4B-00C04F79EFBC}") = "PokeCore.Diagnostics", "src\Core\PokeCore.Diagnostics\PokeCore.Diagnostics.csproj", "{A5819835-E066-497A-8583-D966BE13ABE3}"
EndProject
Project("{FAE04EC0-301F-11D3-BF4B-00C04F79EFBC}") = "PokeCore.Hosting.Abstractions", "src\Core\PokeCore.Hosting.Abstractions\PokeCore.Hosting.Abstractions.csproj", "{9A8DA8F8-00F7-4CE7-BAFE-A5030BD8E343}"
EndProject
Project("{FAE04EC0-301F-11D3-BF4B-00C04F79EFBC}") = "PokeCore.Logging", "src\Core\PokeCore.Logging\PokeCore.Logging.csproj", "{6EA2CDA3-90BC-4167-9BDB-2BF474A065B7}"
EndProject
Project("{FAE04EC0-301F-11D3-BF4B-00C04F79EFBC}") = "PokeCore.Common", "src\Core\PokeCore.Common\PokeCore.Common.csproj", "{89647B15-AD63-48B5-AB18-8E5C4F3E2502}"
EndProject
Project("{FAE04EC0-301F-11D3-BF4B-00C04F79EFBC}") = "PokeCore.IO", "src\Core\PokeCore.IO\PokeCore.IO.csproj", "{DAC424DB-324B-445A-A450-5DD47BA1A333}"
EndProject
Project("{2150E333-8FDC-42A3-9474-1A3956D46DE8}") = "Tools", "Tools", "{29DDC7B0-B141-4E58-92CF-46F5AA925B75}"
EndProject
Project("{FAE04EC0-301F-11D3-BF4B-00C04F79EFBC}") = "PokeTools.Assets", "src\Tools\PokeTools.Assets\PokeTools.Assets.csproj", "{B862E387-C3A8-473E-BA3A-67DE9212FE3E}"
EndProject
Project("{FAE04EC0-301F-11D3-BF4B-00C04F79EFBC}") = "PokeTools.Assets.CLI", "src\Tools\PokeTools.Assets.CLI\PokeTools.Assets.CLI.csproj", "{7F3C3FA1-871C-411F-8957-BF1BCC192C10}"
EndProject
Global
	GlobalSection(SolutionConfigurationPlatforms) = preSolution
		Debug|Any CPU = Debug|Any CPU
		Release|Any CPU = Release|Any CPU
	EndGlobalSection
	GlobalSection(SolutionProperties) = preSolution
		HideSolutionNode = FALSE
	EndGlobalSection
	GlobalSection(ProjectConfigurationPlatforms) = postSolution
		{2703E5B4-CE0C-4585-8DA0-EF510C8100C9}.Debug|Any CPU.ActiveCfg = Debug|Any CPU
		{2703E5B4-CE0C-4585-8DA0-EF510C8100C9}.Debug|Any CPU.Build.0 = Debug|Any CPU
		{2703E5B4-CE0C-4585-8DA0-EF510C8100C9}.Release|Any CPU.ActiveCfg = Release|Any CPU
		{2703E5B4-CE0C-4585-8DA0-EF510C8100C9}.Release|Any CPU.Build.0 = Release|Any CPU
		{A140006C-DD36-422C-9512-30203FB5ED31}.Debug|Any CPU.ActiveCfg = Debug|Any CPU
		{A140006C-DD36-422C-9512-30203FB5ED31}.Debug|Any CPU.Build.0 = Debug|Any CPU
		{A140006C-DD36-422C-9512-30203FB5ED31}.Release|Any CPU.ActiveCfg = Release|Any CPU
		{A140006C-DD36-422C-9512-30203FB5ED31}.Release|Any CPU.Build.0 = Release|Any CPU
		{1944DAA2-2026-4680-A23E-D8C3E600563E}.Debug|Any CPU.ActiveCfg = Debug|Any CPU
		{1944DAA2-2026-4680-A23E-D8C3E600563E}.Debug|Any CPU.Build.0 = Debug|Any CPU
		{1944DAA2-2026-4680-A23E-D8C3E600563E}.Release|Any CPU.ActiveCfg = Release|Any CPU
		{1944DAA2-2026-4680-A23E-D8C3E600563E}.Release|Any CPU.Build.0 = Release|Any CPU
		{66833E60-3460-4B8F-9900-FFA7138368CC}.Debug|Any CPU.ActiveCfg = Debug|Any CPU
		{66833E60-3460-4B8F-9900-FFA7138368CC}.Debug|Any CPU.Build.0 = Debug|Any CPU
		{66833E60-3460-4B8F-9900-FFA7138368CC}.Release|Any CPU.ActiveCfg = Release|Any CPU
		{66833E60-3460-4B8F-9900-FFA7138368CC}.Release|Any CPU.Build.0 = Release|Any CPU
		{14B3203E-87F2-4FFC-A7F1-C34D82F386C1}.Debug|Any CPU.ActiveCfg = Debug|Any CPU
		{14B3203E-87F2-4FFC-A7F1-C34D82F386C1}.Debug|Any CPU.Build.0 = Debug|Any CPU
		{14B3203E-87F2-4FFC-A7F1-C34D82F386C1}.Release|Any CPU.ActiveCfg = Release|Any CPU
		{14B3203E-87F2-4FFC-A7F1-C34D82F386C1}.Release|Any CPU.Build.0 = Release|Any CPU
		{FDFE6E95-02A8-430D-B841-58A5C27F58D2}.Debug|Any CPU.ActiveCfg = Debug|Any CPU
		{FDFE6E95-02A8-430D-B841-58A5C27F58D2}.Debug|Any CPU.Build.0 = Debug|Any CPU
		{FDFE6E95-02A8-430D-B841-58A5C27F58D2}.Release|Any CPU.ActiveCfg = Release|Any CPU
		{FDFE6E95-02A8-430D-B841-58A5C27F58D2}.Release|Any CPU.Build.0 = Release|Any CPU
		{1C4E4122-0AB3-49CF-806E-969DBF6ADDB2}.Debug|Any CPU.ActiveCfg = Debug|Any CPU
		{1C4E4122-0AB3-49CF-806E-969DBF6ADDB2}.Debug|Any CPU.Build.0 = Debug|Any CPU
		{1C4E4122-0AB3-49CF-806E-969DBF6ADDB2}.Release|Any CPU.ActiveCfg = Release|Any CPU
		{1C4E4122-0AB3-49CF-806E-969DBF6ADDB2}.Release|Any CPU.Build.0 = Release|Any CPU
		{4D579A15-83D7-4CF8-99DA-1CBD60D6570E}.Debug|Any CPU.ActiveCfg = Debug|Any CPU
		{4D579A15-83D7-4CF8-99DA-1CBD60D6570E}.Debug|Any CPU.Build.0 = Debug|Any CPU
		{4D579A15-83D7-4CF8-99DA-1CBD60D6570E}.Release|Any CPU.ActiveCfg = Release|Any CPU
		{4D579A15-83D7-4CF8-99DA-1CBD60D6570E}.Release|Any CPU.Build.0 = Release|Any CPU
		{91B51775-F4B5-4CEF-9A12-C701E5E9BBC5}.Debug|Any CPU.ActiveCfg = Debug|Any CPU
		{91B51775-F4B5-4CEF-9A12-C701E5E9BBC5}.Debug|Any CPU.Build.0 = Debug|Any CPU
		{91B51775-F4B5-4CEF-9A12-C701E5E9BBC5}.Release|Any CPU.ActiveCfg = Release|Any CPU
		{91B51775-F4B5-4CEF-9A12-C701E5E9BBC5}.Release|Any CPU.Build.0 = Release|Any CPU
		{283E656A-9F7D-4B0B-B608-401A64683033}.Debug|Any CPU.ActiveCfg = Debug|Any CPU
		{283E656A-9F7D-4B0B-B608-401A64683033}.Debug|Any CPU.Build.0 = Debug|Any CPU
		{283E656A-9F7D-4B0B-B608-401A64683033}.Release|Any CPU.ActiveCfg = Release|Any CPU
		{283E656A-9F7D-4B0B-B608-401A64683033}.Release|Any CPU.Build.0 = Release|Any CPU
		{245192FC-44E3-4DD4-88C3-FEA3783095A9}.Debug|Any CPU.ActiveCfg = Debug|Any CPU
		{245192FC-44E3-4DD4-88C3-FEA3783095A9}.Debug|Any CPU.Build.0 = Debug|Any CPU
		{245192FC-44E3-4DD4-88C3-FEA3783095A9}.Release|Any CPU.ActiveCfg = Release|Any CPU
		{245192FC-44E3-4DD4-88C3-FEA3783095A9}.Release|Any CPU.Build.0 = Release|Any CPU
		{CA046868-70FE-4C22-9C39-3EC803342ED4}.Debug|Any CPU.ActiveCfg = Debug|Any CPU
		{CA046868-70FE-4C22-9C39-3EC803342ED4}.Debug|Any CPU.Build.0 = Debug|Any CPU
		{CA046868-70FE-4C22-9C39-3EC803342ED4}.Release|Any CPU.ActiveCfg = Release|Any CPU
		{CA046868-70FE-4C22-9C39-3EC803342ED4}.Release|Any CPU.Build.0 = Release|Any CPU
		{E0492ADF-AAEC-4FC6-98D0-E7246EEB42A8}.Debug|Any CPU.ActiveCfg = Debug|Any CPU
		{E0492ADF-AAEC-4FC6-98D0-E7246EEB42A8}.Debug|Any CPU.Build.0 = Debug|Any CPU
		{E0492ADF-AAEC-4FC6-98D0-E7246EEB42A8}.Release|Any CPU.ActiveCfg = Release|Any CPU
		{E0492ADF-AAEC-4FC6-98D0-E7246EEB42A8}.Release|Any CPU.Build.0 = Release|Any CPU
		{EAB3E323-4051-457B-A104-41EC022B3AF4}.Debug|Any CPU.ActiveCfg = Debug|Any CPU
		{EAB3E323-4051-457B-A104-41EC022B3AF4}.Debug|Any CPU.Build.0 = Debug|Any CPU
		{EAB3E323-4051-457B-A104-41EC022B3AF4}.Release|Any CPU.ActiveCfg = Release|Any CPU
		{EAB3E323-4051-457B-A104-41EC022B3AF4}.Release|Any CPU.Build.0 = Release|Any CPU
		{C13BE1F8-9078-4FC8-BA8E-13BDEE0F04A2}.Debug|Any CPU.ActiveCfg = Debug|Any CPU
		{C13BE1F8-9078-4FC8-BA8E-13BDEE0F04A2}.Debug|Any CPU.Build.0 = Debug|Any CPU
		{C13BE1F8-9078-4FC8-BA8E-13BDEE0F04A2}.Release|Any CPU.ActiveCfg = Release|Any CPU
		{C13BE1F8-9078-4FC8-BA8E-13BDEE0F04A2}.Release|Any CPU.Build.0 = Release|Any CPU
		{A3F1CCDD-6BEF-4059-903F-59070109356F}.Debug|Any CPU.ActiveCfg = Debug|Any CPU
		{A3F1CCDD-6BEF-4059-903F-59070109356F}.Debug|Any CPU.Build.0 = Debug|Any CPU
		{A3F1CCDD-6BEF-4059-903F-59070109356F}.Release|Any CPU.ActiveCfg = Release|Any CPU
		{A3F1CCDD-6BEF-4059-903F-59070109356F}.Release|Any CPU.Build.0 = Release|Any CPU
		{45855C66-9CFC-4A23-9916-510FA52E8E3E}.Debug|Any CPU.ActiveCfg = Debug|Any CPU
		{45855C66-9CFC-4A23-9916-510FA52E8E3E}.Debug|Any CPU.Build.0 = Debug|Any CPU
		{45855C66-9CFC-4A23-9916-510FA52E8E3E}.Release|Any CPU.ActiveCfg = Release|Any CPU
		{45855C66-9CFC-4A23-9916-510FA52E8E3E}.Release|Any CPU.Build.0 = Release|Any CPU
		{895C2B06-B16F-4906-8F07-8D0853C351F1}.Debug|Any CPU.ActiveCfg = Debug|Any CPU
		{895C2B06-B16F-4906-8F07-8D0853C351F1}.Debug|Any CPU.Build.0 = Debug|Any CPU
		{895C2B06-B16F-4906-8F07-8D0853C351F1}.Release|Any CPU.ActiveCfg = Release|Any CPU
		{895C2B06-B16F-4906-8F07-8D0853C351F1}.Release|Any CPU.Build.0 = Release|Any CPU
		{CEB2B6B0-B66D-4055-BD9F-B537818C11E6}.Debug|Any CPU.ActiveCfg = Debug|Any CPU
		{CEB2B6B0-B66D-4055-BD9F-B537818C11E6}.Debug|Any CPU.Build.0 = Debug|Any CPU
		{CEB2B6B0-B66D-4055-BD9F-B537818C11E6}.Release|Any CPU.ActiveCfg = Release|Any CPU
		{CEB2B6B0-B66D-4055-BD9F-B537818C11E6}.Release|Any CPU.Build.0 = Release|Any CPU
		{A5819835-E066-497A-8583-D966BE13ABE3}.Debug|Any CPU.ActiveCfg = Debug|Any CPU
		{A5819835-E066-497A-8583-D966BE13ABE3}.Debug|Any CPU.Build.0 = Debug|Any CPU
		{A5819835-E066-497A-8583-D966BE13ABE3}.Release|Any CPU.ActiveCfg = Release|Any CPU
		{A5819835-E066-497A-8583-D966BE13ABE3}.Release|Any CPU.Build.0 = Release|Any CPU
		{9A8DA8F8-00F7-4CE7-BAFE-A5030BD8E343}.Debug|Any CPU.ActiveCfg = Debug|Any CPU
		{9A8DA8F8-00F7-4CE7-BAFE-A5030BD8E343}.Debug|Any CPU.Build.0 = Debug|Any CPU
		{9A8DA8F8-00F7-4CE7-BAFE-A5030BD8E343}.Release|Any CPU.ActiveCfg = Release|Any CPU
		{9A8DA8F8-00F7-4CE7-BAFE-A5030BD8E343}.Release|Any CPU.Build.0 = Release|Any CPU
		{6EA2CDA3-90BC-4167-9BDB-2BF474A065B7}.Debug|Any CPU.ActiveCfg = Debug|Any CPU
		{6EA2CDA3-90BC-4167-9BDB-2BF474A065B7}.Debug|Any CPU.Build.0 = Debug|Any CPU
		{6EA2CDA3-90BC-4167-9BDB-2BF474A065B7}.Release|Any CPU.ActiveCfg = Release|Any CPU
		{6EA2CDA3-90BC-4167-9BDB-2BF474A065B7}.Release|Any CPU.Build.0 = Release|Any CPU
		{89647B15-AD63-48B5-AB18-8E5C4F3E2502}.Debug|Any CPU.ActiveCfg = Debug|Any CPU
		{89647B15-AD63-48B5-AB18-8E5C4F3E2502}.Debug|Any CPU.Build.0 = Debug|Any CPU
		{89647B15-AD63-48B5-AB18-8E5C4F3E2502}.Release|Any CPU.ActiveCfg = Release|Any CPU
		{89647B15-AD63-48B5-AB18-8E5C4F3E2502}.Release|Any CPU.Build.0 = Release|Any CPU
		{DAC424DB-324B-445A-A450-5DD47BA1A333}.Debug|Any CPU.ActiveCfg = Debug|Any CPU
		{DAC424DB-324B-445A-A450-5DD47BA1A333}.Debug|Any CPU.Build.0 = Debug|Any CPU
		{DAC424DB-324B-445A-A450-5DD47BA1A333}.Release|Any CPU.ActiveCfg = Release|Any CPU
		{DAC424DB-324B-445A-A450-5DD47BA1A333}.Release|Any CPU.Build.0 = Release|Any CPU
		{B862E387-C3A8-473E-BA3A-67DE9212FE3E}.Debug|Any CPU.ActiveCfg = Debug|Any CPU
		{B862E387-C3A8-473E-BA3A-67DE9212FE3E}.Debug|Any CPU.Build.0 = Debug|Any CPU
		{B862E387-C3A8-473E-BA3A-67DE9212FE3E}.Release|Any CPU.ActiveCfg = Release|Any CPU
		{B862E387-C3A8-473E-BA3A-67DE9212FE3E}.Release|Any CPU.Build.0 = Release|Any CPU
		{7F3C3FA1-871C-411F-8957-BF1BCC192C10}.Debug|Any CPU.ActiveCfg = Debug|Any CPU
		{7F3C3FA1-871C-411F-8957-BF1BCC192C10}.Debug|Any CPU.Build.0 = Debug|Any CPU
		{7F3C3FA1-871C-411F-8957-BF1BCC192C10}.Release|Any CPU.ActiveCfg = Release|Any CPU
		{7F3C3FA1-871C-411F-8957-BF1BCC192C10}.Release|Any CPU.Build.0 = Release|Any CPU
	EndGlobalSection
	GlobalSection(NestedProjects) = preSolution
		{AC51C024-43A6-4D2C-B1CA-B5F072074142} = {819E07D0-2CCD-4C96-825E-55D08655389D}
		{2703E5B4-CE0C-4585-8DA0-EF510C8100C9} = {AC51C024-43A6-4D2C-B1CA-B5F072074142}
		{A140006C-DD36-422C-9512-30203FB5ED31} = {AC51C024-43A6-4D2C-B1CA-B5F072074142}
		{1944DAA2-2026-4680-A23E-D8C3E600563E} = {AC51C024-43A6-4D2C-B1CA-B5F072074142}
		{66833E60-3460-4B8F-9900-FFA7138368CC} = {AC51C024-43A6-4D2C-B1CA-B5F072074142}
		{14B3203E-87F2-4FFC-A7F1-C34D82F386C1} = {AC51C024-43A6-4D2C-B1CA-B5F072074142}
		{FDFE6E95-02A8-430D-B841-58A5C27F58D2} = {AC51C024-43A6-4D2C-B1CA-B5F072074142}
		{1C4E4122-0AB3-49CF-806E-969DBF6ADDB2} = {AC51C024-43A6-4D2C-B1CA-B5F072074142}
		{4D579A15-83D7-4CF8-99DA-1CBD60D6570E} = {AC51C024-43A6-4D2C-B1CA-B5F072074142}
		{ABB72875-76AA-4306-843C-05C15D9274FE} = {819E07D0-2CCD-4C96-825E-55D08655389D}
		{91B51775-F4B5-4CEF-9A12-C701E5E9BBC5} = {ABB72875-76AA-4306-843C-05C15D9274FE}
		{12D9160D-F250-4693-A74C-0C3FF2C820E6} = {819E07D0-2CCD-4C96-825E-55D08655389D}
		{283E656A-9F7D-4B0B-B608-401A64683033} = {12D9160D-F250-4693-A74C-0C3FF2C820E6}
		{245192FC-44E3-4DD4-88C3-FEA3783095A9} = {12D9160D-F250-4693-A74C-0C3FF2C820E6}
		{CA046868-70FE-4C22-9C39-3EC803342ED4} = {12D9160D-F250-4693-A74C-0C3FF2C820E6}
		{E0492ADF-AAEC-4FC6-98D0-E7246EEB42A8} = {12D9160D-F250-4693-A74C-0C3FF2C820E6}
		{EAB3E323-4051-457B-A104-41EC022B3AF4} = {12D9160D-F250-4693-A74C-0C3FF2C820E6}
		{C13BE1F8-9078-4FC8-BA8E-13BDEE0F04A2} = {12D9160D-F250-4693-A74C-0C3FF2C820E6}
		{A3F1CCDD-6BEF-4059-903F-59070109356F} = {12D9160D-F250-4693-A74C-0C3FF2C820E6}
		{7C517FEF-F95D-45BB-8E30-B44799841FEA} = {819E07D0-2CCD-4C96-825E-55D08655389D}
		{45855C66-9CFC-4A23-9916-510FA52E8E3E} = {7C517FEF-F95D-45BB-8E30-B44799841FEA}
		{895C2B06-B16F-4906-8F07-8D0853C351F1} = {ABB72875-76AA-4306-843C-05C15D9274FE}
		{CEB2B6B0-B66D-4055-BD9F-B537818C11E6} = {ABB72875-76AA-4306-843C-05C15D9274FE}
		{A5819835-E066-497A-8583-D966BE13ABE3} = {ABB72875-76AA-4306-843C-05C15D9274FE}
		{9A8DA8F8-00F7-4CE7-BAFE-A5030BD8E343} = {ABB72875-76AA-4306-843C-05C15D9274FE}
		{6EA2CDA3-90BC-4167-9BDB-2BF474A065B7} = {ABB72875-76AA-4306-843C-05C15D9274FE}
		{89647B15-AD63-48B5-AB18-8E5C4F3E2502} = {ABB72875-76AA-4306-843C-05C15D9274FE}
		{DAC424DB-324B-445A-A450-5DD47BA1A333} = {ABB72875-76AA-4306-843C-05C15D9274FE}
		{29DDC7B0-B141-4E58-92CF-46F5AA925B75} = {819E07D0-2CCD-4C96-825E-55D08655389D}
		{B862E387-C3A8-473E-BA3A-67DE9212FE3E} = {29DDC7B0-B141-4E58-92CF-46F5AA925B75}
		{7F3C3FA1-871C-411F-8957-BF1BCC192C10} = {29DDC7B0-B141-4E58-92CF-46F5AA925B75}
	EndGlobalSection
EndGlobal
